
Microsoft Visual Studio Solution File, Format Version 12.00
# Visual Studio Version 17
VisualStudioVersion = 17.0.31903.59
MinimumVisualStudioVersion = 10.0.40219.1
Project("{2150E333-8FDC-42A3-9474-1A3956D46DE8}") = "src", "src", "{827E0CD3-B72D-47B6-A68D-7590B98EB39B}"
EndProject
Project("{2150E333-8FDC-42A3-9474-1A3956D46DE8}") = "Shared", "Shared", "{C8E42992-5E42-0C2B-DBFE-AA848D06431C}"
EndProject
Project("{FAE04EC0-301F-11D3-BF4B-00C04F79EFBC}") = "IChat.Domain", "src\Shared\IChat.Domain\IChat.Domain.csproj", "{1133858C-3E02-4617-BF78-BD6778B73D19}"
EndProject
Project("{FAE04EC0-301F-11D3-BF4B-00C04F79EFBC}") = "IChat.Common", "src\Shared\IChat.Common\IChat.Common.csproj", "{AEAE9348-DF3F-4F65-B55F-0CCB3DF13419}"
EndProject
Project("{FAE04EC0-301F-11D3-BF4B-00C04F79EFBC}") = "IChat.Protocol", "src\Shared\IChat.Protocol\IChat.Protocol.csproj", "{23210873-B315-4A66-B32F-43606EBA469C}"
EndProject
Project("{FAE04EC0-301F-11D3-BF4B-00C04F79EFBC}") = "IChat.Client.Avalonia", "src\Client\IChat.Client.Avalonia\IChat.Client.Avalonia.csproj", "{61DE36C5-EC0A-4797-B553-D98AB93928C7}"
EndProject
Project("{FAE04EC0-301F-11D3-BF4B-00C04F79EFBC}") = "IChat.Client.Core", "src\Client\IChat.Client.Core\IChat.Client.Core.csproj", "{F6E3422D-88C9-44DD-9DF3-7D0D39948719}"
EndProject
Project("{FAE04EC0-301F-11D3-BF4B-00C04F79EFBC}") = "IChat.Client.Common", "src\Client\IChat.Client.Common\IChat.Client.Common.csproj", "{A2014BC1-45C5-4700-B3E9-63380B435F19}"
EndProject
Project("{FAE04EC0-301F-11D3-BF4B-00C04F79EFBC}") = "IChat.Server.Web", "src\Server\IChat.Server.Web\IChat.Server.Web.csproj", "{B14738A5-9B4A-4022-9727-F066760EB5A3}"
EndProject
Project("{FAE04EC0-301F-11D3-BF4B-00C04F79EFBC}") = "IChat.Server.Core", "src\Server\IChat.Server.Core\IChat.Server.Core.csproj", "{FBF49402-1F0D-4636-A3EC-8523EB0DF236}"
EndProject
Project("{FAE04EC0-301F-11D3-BF4B-00C04F79EFBC}") = "IChat.Server.Infrastructure", "src\Server\IChat.Server.Infrastructure\IChat.Server.Infrastructure.csproj", "{5478310A-80DB-4F73-A707-2AC8C2484117}"
EndProject
Project("{FAE04EC0-301F-11D3-BF4B-00C04F79EFBC}") = "IChat.Server.Common", "src\Server\IChat.Server.Common\IChat.Server.Common.csproj", "{DC07DAAB-50C7-4704-8D8A-DE39409C7B14}"
EndProject
Project("{FAE04EC0-301F-11D3-BF4B-00C04F79EFBC}") = "IChat.UnitTests", "src\Tests\IChat.UnitTests\IChat.UnitTests.csproj", "{4130E644-A604-4BD4-BA47-246BEC5C23AE}"
EndProject
Project("{FAE04EC0-301F-11D3-BF4B-00C04F79EFBC}") = "IChat.IntegrationTests", "src\Tests\IChat.IntegrationTests\IChat.IntegrationTests.csproj", "{CD764F3F-E963-432B-B449-CE319FB74BC8}"
EndProject
Project("{FAE04EC0-301F-11D3-BF4B-00C04F79EFBC}") = "IChat.PerformanceTests", "src\Tests\IChat.PerformanceTests\IChat.PerformanceTests.csproj", "{93D070BE-E2DC-4225-A462-097D066619AA}"
EndProject
Project("{2150E333-8FDC-42A3-9474-1A3956D46DE8}") = "Client", "Client", "{02EA681E-C7D8-13C7-8484-4AC65E1B71E8}"
EndProject
Project("{2150E333-8FDC-42A3-9474-1A3956D46DE8}") = "Server", "Server", "{3C925CD9-4512-44D6-B4F3-2F467426A624}"
EndProject
Project("{2150E333-8FDC-42A3-9474-1A3956D46DE8}") = "Tests", "Tests", "{E26D1413-BFD1-4886-8AD5-E9006E4A94D0}"
EndProject
Global
	GlobalSection(SolutionConfigurationPlatforms) = preSolution
		Debug|Any CPU = Debug|Any CPU
		Debug|x64 = Debug|x64
		Debug|x86 = Debug|x86
		Release|Any CPU = Release|Any CPU
		Release|x64 = Release|x64
		Release|x86 = Release|x86
	EndGlobalSection
	GlobalSection(ProjectConfigurationPlatforms) = postSolution
		{1133858C-3E02-4617-BF78-BD6778B73D19}.Debug|Any CPU.ActiveCfg = Debug|Any CPU
		{1133858C-3E02-4617-BF78-BD6778B73D19}.Debug|Any CPU.Build.0 = Debug|Any CPU
		{1133858C-3E02-4617-BF78-BD6778B73D19}.Debug|x64.ActiveCfg = Debug|Any CPU
		{1133858C-3E02-4617-BF78-BD6778B73D19}.Debug|x64.Build.0 = Debug|Any CPU
		{1133858C-3E02-4617-BF78-BD6778B73D19}.Debug|x86.ActiveCfg = Debug|Any CPU
		{1133858C-3E02-4617-BF78-BD6778B73D19}.Debug|x86.Build.0 = Debug|Any CPU
		{1133858C-3E02-4617-BF78-BD6778B73D19}.Release|Any CPU.ActiveCfg = Release|Any CPU
		{1133858C-3E02-4617-BF78-BD6778B73D19}.Release|Any CPU.Build.0 = Release|Any CPU
		{1133858C-3E02-4617-BF78-BD6778B73D19}.Release|x64.ActiveCfg = Release|Any CPU
		{1133858C-3E02-4617-BF78-BD6778B73D19}.Release|x64.Build.0 = Release|Any CPU
		{1133858C-3E02-4617-BF78-BD6778B73D19}.Release|x86.ActiveCfg = Release|Any CPU
		{1133858C-3E02-4617-BF78-BD6778B73D19}.Release|x86.Build.0 = Release|Any CPU
		{AEAE9348-DF3F-4F65-B55F-0CCB3DF13419}.Debug|Any CPU.ActiveCfg = Debug|Any CPU
		{AEAE9348-DF3F-4F65-B55F-0CCB3DF13419}.Debug|Any CPU.Build.0 = Debug|Any CPU
		{AEAE9348-DF3F-4F65-B55F-0CCB3DF13419}.Debug|x64.ActiveCfg = Debug|Any CPU
		{AEAE9348-DF3F-4F65-B55F-0CCB3DF13419}.Debug|x64.Build.0 = Debug|Any CPU
		{AEAE9348-DF3F-4F65-B55F-0CCB3DF13419}.Debug|x86.ActiveCfg = Debug|Any CPU
		{AEAE9348-DF3F-4F65-B55F-0CCB3DF13419}.Debug|x86.Build.0 = Debug|Any CPU
		{AEAE9348-DF3F-4F65-B55F-0CCB3DF13419}.Release|Any CPU.ActiveCfg = Release|Any CPU
		{AEAE9348-DF3F-4F65-B55F-0CCB3DF13419}.Release|Any CPU.Build.0 = Release|Any CPU
		{AEAE9348-DF3F-4F65-B55F-0CCB3DF13419}.Release|x64.ActiveCfg = Release|Any CPU
		{AEAE9348-DF3F-4F65-B55F-0CCB3DF13419}.Release|x64.Build.0 = Release|Any CPU
		{AEAE9348-DF3F-4F65-B55F-0CCB3DF13419}.Release|x86.ActiveCfg = Release|Any CPU
		{AEAE9348-DF3F-4F65-B55F-0CCB3DF13419}.Release|x86.Build.0 = Release|Any CPU
		{23210873-B315-4A66-B32F-43606EBA469C}.Debug|Any CPU.ActiveCfg = Debug|Any CPU
		{23210873-B315-4A66-B32F-43606EBA469C}.Debug|Any CPU.Build.0 = Debug|Any CPU
		{23210873-B315-4A66-B32F-43606EBA469C}.Debug|x64.ActiveCfg = Debug|Any CPU
		{23210873-B315-4A66-B32F-43606EBA469C}.Debug|x64.Build.0 = Debug|Any CPU
		{23210873-B315-4A66-B32F-43606EBA469C}.Debug|x86.ActiveCfg = Debug|Any CPU
		{23210873-B315-4A66-B32F-43606EBA469C}.Debug|x86.Build.0 = Debug|Any CPU
		{23210873-B315-4A66-B32F-43606EBA469C}.Release|Any CPU.ActiveCfg = Release|Any CPU
		{23210873-B315-4A66-B32F-43606EBA469C}.Release|Any CPU.Build.0 = Release|Any CPU
		{23210873-B315-4A66-B32F-43606EBA469C}.Release|x64.ActiveCfg = Release|Any CPU
		{23210873-B315-4A66-B32F-43606EBA469C}.Release|x64.Build.0 = Release|Any CPU
		{23210873-B315-4A66-B32F-43606EBA469C}.Release|x86.ActiveCfg = Release|Any CPU
		{23210873-B315-4A66-B32F-43606EBA469C}.Release|x86.Build.0 = Release|Any CPU
		{61DE36C5-EC0A-4797-B553-D98AB93928C7}.Debug|Any CPU.ActiveCfg = Debug|Any CPU
		{61DE36C5-EC0A-4797-B553-D98AB93928C7}.Debug|Any CPU.Build.0 = Debug|Any CPU
		{61DE36C5-EC0A-4797-B553-D98AB93928C7}.Debug|x64.ActiveCfg = Debug|Any CPU
		{61DE36C5-EC0A-4797-B553-D98AB93928C7}.Debug|x64.Build.0 = Debug|Any CPU
		{61DE36C5-EC0A-4797-B553-D98AB93928C7}.Debug|x86.ActiveCfg = Debug|Any CPU
		{61DE36C5-EC0A-4797-B553-D98AB93928C7}.Debug|x86.Build.0 = Debug|Any CPU
		{61DE36C5-EC0A-4797-B553-D98AB93928C7}.Release|Any CPU.ActiveCfg = Release|Any CPU
		{61DE36C5-EC0A-4797-B553-D98AB93928C7}.Release|Any CPU.Build.0 = Release|Any CPU
		{61DE36C5-EC0A-4797-B553-D98AB93928C7}.Release|x64.ActiveCfg = Release|Any CPU
		{61DE36C5-EC0A-4797-B553-D98AB93928C7}.Release|x64.Build.0 = Release|Any CPU
		{61DE36C5-EC0A-4797-B553-D98AB93928C7}.Release|x86.ActiveCfg = Release|Any CPU
		{61DE36C5-EC0A-4797-B553-D98AB93928C7}.Release|x86.Build.0 = Release|Any CPU
		{F6E3422D-88C9-44DD-9DF3-7D0D39948719}.Debug|Any CPU.ActiveCfg = Debug|Any CPU
		{F6E3422D-88C9-44DD-9DF3-7D0D39948719}.Debug|Any CPU.Build.0 = Debug|Any CPU
		{F6E3422D-88C9-44DD-9DF3-7D0D39948719}.Debug|x64.ActiveCfg = Debug|Any CPU
		{F6E3422D-88C9-44DD-9DF3-7D0D39948719}.Debug|x64.Build.0 = Debug|Any CPU
		{F6E3422D-88C9-44DD-9DF3-7D0D39948719}.Debug|x86.ActiveCfg = Debug|Any CPU
		{F6E3422D-88C9-44DD-9DF3-7D0D39948719}.Debug|x86.Build.0 = Debug|Any CPU
		{F6E3422D-88C9-44DD-9DF3-7D0D39948719}.Release|Any CPU.ActiveCfg = Release|Any CPU
		{F6E3422D-88C9-44DD-9DF3-7D0D39948719}.Release|Any CPU.Build.0 = Release|Any CPU
		{F6E3422D-88C9-44DD-9DF3-7D0D39948719}.Release|x64.ActiveCfg = Release|Any CPU
		{F6E3422D-88C9-44DD-9DF3-7D0D39948719}.Release|x64.Build.0 = Release|Any CPU
		{F6E3422D-88C9-44DD-9DF3-7D0D39948719}.Release|x86.ActiveCfg = Release|Any CPU
		{F6E3422D-88C9-44DD-9DF3-7D0D39948719}.Release|x86.Build.0 = Release|Any CPU
		{A2014BC1-45C5-4700-B3E9-63380B435F19}.Debug|Any CPU.ActiveCfg = Debug|Any CPU
		{A2014BC1-45C5-4700-B3E9-63380B435F19}.Debug|Any CPU.Build.0 = Debug|Any CPU
		{A2014BC1-45C5-4700-B3E9-63380B435F19}.Debug|x64.ActiveCfg = Debug|Any CPU
		{A2014BC1-45C5-4700-B3E9-63380B435F19}.Debug|x64.Build.0 = Debug|Any CPU
		{A2014BC1-45C5-4700-B3E9-63380B435F19}.Debug|x86.ActiveCfg = Debug|Any CPU
		{A2014BC1-45C5-4700-B3E9-63380B435F19}.Debug|x86.Build.0 = Debug|Any CPU
		{A2014BC1-45C5-4700-B3E9-63380B435F19}.Release|Any CPU.ActiveCfg = Release|Any CPU
		{A2014BC1-45C5-4700-B3E9-63380B435F19}.Release|Any CPU.Build.0 = Release|Any CPU
		{A2014BC1-45C5-4700-B3E9-63380B435F19}.Release|x64.ActiveCfg = Release|Any CPU
		{A2014BC1-45C5-4700-B3E9-63380B435F19}.Release|x64.Build.0 = Release|Any CPU
		{A2014BC1-45C5-4700-B3E9-63380B435F19}.Release|x86.ActiveCfg = Release|Any CPU
		{A2014BC1-45C5-4700-B3E9-63380B435F19}.Release|x86.Build.0 = Release|Any CPU
		{B14738A5-9B4A-4022-9727-F066760EB5A3}.Debug|Any CPU.ActiveCfg = Debug|Any CPU
		{B14738A5-9B4A-4022-9727-F066760EB5A3}.Debug|Any CPU.Build.0 = Debug|Any CPU
		{B14738A5-9B4A-4022-9727-F066760EB5A3}.Debug|x64.ActiveCfg = Debug|Any CPU
		{B14738A5-9B4A-4022-9727-F066760EB5A3}.Debug|x64.Build.0 = Debug|Any CPU
		{B14738A5-9B4A-4022-9727-F066760EB5A3}.Debug|x86.ActiveCfg = Debug|Any CPU
		{B14738A5-9B4A-4022-9727-F066760EB5A3}.Debug|x86.Build.0 = Debug|Any CPU
		{B14738A5-9B4A-4022-9727-F066760EB5A3}.Release|Any CPU.ActiveCfg = Release|Any CPU
		{B14738A5-9B4A-4022-9727-F066760EB5A3}.Release|Any CPU.Build.0 = Release|Any CPU
		{B14738A5-9B4A-4022-9727-F066760EB5A3}.Release|x64.ActiveCfg = Release|Any CPU
		{B14738A5-9B4A-4022-9727-F066760EB5A3}.Release|x64.Build.0 = Release|Any CPU
		{B14738A5-9B4A-4022-9727-F066760EB5A3}.Release|x86.ActiveCfg = Release|Any CPU
		{B14738A5-9B4A-4022-9727-F066760EB5A3}.Release|x86.Build.0 = Release|Any CPU
		{FBF49402-1F0D-4636-A3EC-8523EB0DF236}.Debug|Any CPU.ActiveCfg = Debug|Any CPU
		{FBF49402-1F0D-4636-A3EC-8523EB0DF236}.Debug|Any CPU.Build.0 = Debug|Any CPU
		{FBF49402-1F0D-4636-A3EC-8523EB0DF236}.Debug|x64.ActiveCfg = Debug|Any CPU
		{FBF49402-1F0D-4636-A3EC-8523EB0DF236}.Debug|x64.Build.0 = Debug|Any CPU
		{FBF49402-1F0D-4636-A3EC-8523EB0DF236}.Debug|x86.ActiveCfg = Debug|Any CPU
		{FBF49402-1F0D-4636-A3EC-8523EB0DF236}.Debug|x86.Build.0 = Debug|Any CPU
		{FBF49402-1F0D-4636-A3EC-8523EB0DF236}.Release|Any CPU.ActiveCfg = Release|Any CPU
		{FBF49402-1F0D-4636-A3EC-8523EB0DF236}.Release|Any CPU.Build.0 = Release|Any CPU
		{FBF49402-1F0D-4636-A3EC-8523EB0DF236}.Release|x64.ActiveCfg = Release|Any CPU
		{FBF49402-1F0D-4636-A3EC-8523EB0DF236}.Release|x64.Build.0 = Release|Any CPU
		{FBF49402-1F0D-4636-A3EC-8523EB0DF236}.Release|x86.ActiveCfg = Release|Any CPU
		{FBF49402-1F0D-4636-A3EC-8523EB0DF236}.Release|x86.Build.0 = Release|Any CPU
		{5478310A-80DB-4F73-A707-2AC8C2484117}.Debug|Any CPU.ActiveCfg = Debug|Any CPU
		{5478310A-80DB-4F73-A707-2AC8C2484117}.Debug|Any CPU.Build.0 = Debug|Any CPU
		{5478310A-80DB-4F73-A707-2AC8C2484117}.Debug|x64.ActiveCfg = Debug|Any CPU
		{5478310A-80DB-4F73-A707-2AC8C2484117}.Debug|x64.Build.0 = Debug|Any CPU
		{5478310A-80DB-4F73-A707-2AC8C2484117}.Debug|x86.ActiveCfg = Debug|Any CPU
		{5478310A-80DB-4F73-A707-2AC8C2484117}.Debug|x86.Build.0 = Debug|Any CPU
		{5478310A-80DB-4F73-A707-2AC8C2484117}.Release|Any CPU.ActiveCfg = Release|Any CPU
		{5478310A-80DB-4F73-A707-2AC8C2484117}.Release|Any CPU.Build.0 = Release|Any CPU
		{5478310A-80DB-4F73-A707-2AC8C2484117}.Release|x64.ActiveCfg = Release|Any CPU
		{5478310A-80DB-4F73-A707-2AC8C2484117}.Release|x64.Build.0 = Release|Any CPU
		{5478310A-80DB-4F73-A707-2AC8C2484117}.Release|x86.ActiveCfg = Release|Any CPU
		{5478310A-80DB-4F73-A707-2AC8C2484117}.Release|x86.Build.0 = Release|Any CPU
		{DC07DAAB-50C7-4704-8D8A-DE39409C7B14}.Debug|Any CPU.ActiveCfg = Debug|Any CPU
		{DC07DAAB-50C7-4704-8D8A-DE39409C7B14}.Debug|Any CPU.Build.0 = Debug|Any CPU
		{DC07DAAB-50C7-4704-8D8A-DE39409C7B14}.Debug|x64.ActiveCfg = Debug|Any CPU
		{DC07DAAB-50C7-4704-8D8A-DE39409C7B14}.Debug|x64.Build.0 = Debug|Any CPU
		{DC07DAAB-50C7-4704-8D8A-DE39409C7B14}.Debug|x86.ActiveCfg = Debug|Any CPU
		{DC07DAAB-50C7-4704-8D8A-DE39409C7B14}.Debug|x86.Build.0 = Debug|Any CPU
		{DC07DAAB-50C7-4704-8D8A-DE39409C7B14}.Release|Any CPU.ActiveCfg = Release|Any CPU
		{DC07DAAB-50C7-4704-8D8A-DE39409C7B14}.Release|Any CPU.Build.0 = Release|Any CPU
		{DC07DAAB-50C7-4704-8D8A-DE39409C7B14}.Release|x64.ActiveCfg = Release|Any CPU
		{DC07DAAB-50C7-4704-8D8A-DE39409C7B14}.Release|x64.Build.0 = Release|Any CPU
		{DC07DAAB-50C7-4704-8D8A-DE39409C7B14}.Release|x86.ActiveCfg = Release|Any CPU
		{DC07DAAB-50C7-4704-8D8A-DE39409C7B14}.Release|x86.Build.0 = Release|Any CPU
		{4130E644-A604-4BD4-BA47-246BEC5C23AE}.Debug|Any CPU.ActiveCfg = Debug|Any CPU
		{4130E644-A604-4BD4-BA47-246BEC5C23AE}.Debug|Any CPU.Build.0 = Debug|Any CPU
		{4130E644-A604-4BD4-BA47-246BEC5C23AE}.Debug|x64.ActiveCfg = Debug|Any CPU
		{4130E644-A604-4BD4-BA47-246BEC5C23AE}.Debug|x64.Build.0 = Debug|Any CPU
		{4130E644-A604-4BD4-BA47-246BEC5C23AE}.Debug|x86.ActiveCfg = Debug|Any CPU
		{4130E644-A604-4BD4-BA47-246BEC5C23AE}.Debug|x86.Build.0 = Debug|Any CPU
		{4130E644-A604-4BD4-BA47-246BEC5C23AE}.Release|Any CPU.ActiveCfg = Release|Any CPU
		{4130E644-A604-4BD4-BA47-246BEC5C23AE}.Release|Any CPU.Build.0 = Release|Any CPU
		{4130E644-A604-4BD4-BA47-246BEC5C23AE}.Release|x64.ActiveCfg = Release|Any CPU
		{4130E644-A604-4BD4-BA47-246BEC5C23AE}.Release|x64.Build.0 = Release|Any CPU
		{4130E644-A604-4BD4-BA47-246BEC5C23AE}.Release|x86.ActiveCfg = Release|Any CPU
		{4130E644-A604-4BD4-BA47-246BEC5C23AE}.Release|x86.Build.0 = Release|Any CPU
		{CD764F3F-E963-432B-B449-CE319FB74BC8}.Debug|Any CPU.ActiveCfg = Debug|Any CPU
		{CD764F3F-E963-432B-B449-CE319FB74BC8}.Debug|Any CPU.Build.0 = Debug|Any CPU
		{CD764F3F-E963-432B-B449-CE319FB74BC8}.Debug|x64.ActiveCfg = Debug|Any CPU
		{CD764F3F-E963-432B-B449-CE319FB74BC8}.Debug|x64.Build.0 = Debug|Any CPU
		{CD764F3F-E963-432B-B449-CE319FB74BC8}.Debug|x86.ActiveCfg = Debug|Any CPU
		{CD764F3F-E963-432B-B449-CE319FB74BC8}.Debug|x86.Build.0 = Debug|Any CPU
		{CD764F3F-E963-432B-B449-CE319FB74BC8}.Release|Any CPU.ActiveCfg = Release|Any CPU
		{CD764F3F-E963-432B-B449-CE319FB74BC8}.Release|Any CPU.Build.0 = Release|Any CPU
		{CD764F3F-E963-432B-B449-CE319FB74BC8}.Release|x64.ActiveCfg = Release|Any CPU
		{CD764F3F-E963-432B-B449-CE319FB74BC8}.Release|x64.Build.0 = Release|Any CPU
		{CD764F3F-E963-432B-B449-CE319FB74BC8}.Release|x86.ActiveCfg = Release|Any CPU
		{CD764F3F-E963-432B-B449-CE319FB74BC8}.Release|x86.Build.0 = Release|Any CPU
		{93D070BE-E2DC-4225-A462-097D066619AA}.Debug|Any CPU.ActiveCfg = Debug|Any CPU
		{93D070BE-E2DC-4225-A462-097D066619AA}.Debug|Any CPU.Build.0 = Debug|Any CPU
		{93D070BE-E2DC-4225-A462-097D066619AA}.Debug|x64.ActiveCfg = Debug|Any CPU
		{93D070BE-E2DC-4225-A462-097D066619AA}.Debug|x64.Build.0 = Debug|Any CPU
		{93D070BE-E2DC-4225-A462-097D066619AA}.Debug|x86.ActiveCfg = Debug|Any CPU
		{93D070BE-E2DC-4225-A462-097D066619AA}.Debug|x86.Build.0 = Debug|Any CPU
		{93D070BE-E2DC-4225-A462-097D066619AA}.Release|Any CPU.ActiveCfg = Release|Any CPU
		{93D070BE-E2DC-4225-A462-097D066619AA}.Release|Any CPU.Build.0 = Release|Any CPU
		{93D070BE-E2DC-4225-A462-097D066619AA}.Release|x64.ActiveCfg = Release|Any CPU
		{93D070BE-E2DC-4225-A462-097D066619AA}.Release|x64.Build.0 = Release|Any CPU
		{93D070BE-E2DC-4225-A462-097D066619AA}.Release|x86.ActiveCfg = Release|Any CPU
		{93D070BE-E2DC-4225-A462-097D066619AA}.Release|x86.Build.0 = Release|Any CPU
	EndGlobalSection
	GlobalSection(SolutionProperties) = preSolution
		HideSolutionNode = FALSE
	EndGlobalSection
	GlobalSection(NestedProjects) = preSolution
		{C8E42992-5E42-0C2B-DBFE-AA848D06431C} = {827E0CD3-B72D-47B6-A68D-7590B98EB39B}
		{1133858C-3E02-4617-BF78-BD6778B73D19} = {C8E42992-5E42-0C2B-DBFE-AA848D06431C}
		{AEAE9348-DF3F-4F65-B55F-0CCB3DF13419} = {C8E42992-5E42-0C2B-DBFE-AA848D06431C}
		{23210873-B315-4A66-B32F-43606EBA469C} = {C8E42992-5E42-0C2B-DBFE-AA848D06431C}
		{61DE36C5-EC0A-4797-B553-D98AB93928C7} = {02EA681E-C7D8-13C7-8484-4AC65E1B71E8}
		{F6E3422D-88C9-44DD-9DF3-7D0D39948719} = {02EA681E-C7D8-13C7-8484-4AC65E1B71E8}
		{A2014BC1-45C5-4700-B3E9-63380B435F19} = {02EA681E-C7D8-13C7-8484-4AC65E1B71E8}
		{B14738A5-9B4A-4022-9727-F066760EB5A3} = {3C925CD9-4512-44D6-B4F3-2F467426A624}
		{FBF49402-1F0D-4636-A3EC-8523EB0DF236} = {3C925CD9-4512-44D6-B4F3-2F467426A624}
		{5478310A-80DB-4F73-A707-2AC8C2484117} = {3C925CD9-4512-44D6-B4F3-2F467426A624}
		{DC07DAAB-50C7-4704-8D8A-DE39409C7B14} = {3C925CD9-4512-44D6-B4F3-2F467426A624}
		{4130E644-A604-4BD4-BA47-246BEC5C23AE} = {E26D1413-BFD1-4886-8AD5-E9006E4A94D0}
		{CD764F3F-E963-432B-B449-CE319FB74BC8} = {E26D1413-BFD1-4886-8AD5-E9006E4A94D0}
		{93D070BE-E2DC-4225-A462-097D066619AA} = {E26D1413-BFD1-4886-8AD5-E9006E4A94D0}
		{02EA681E-C7D8-13C7-8484-4AC65E1B71E8} = {827E0CD3-B72D-47B6-A68D-7590B98EB39B}
		{3C925CD9-4512-44D6-B4F3-2F467426A624} = {827E0CD3-B72D-47B6-A68D-7590B98EB39B}
		{E26D1413-BFD1-4886-8AD5-E9006E4A94D0} = {827E0CD3-B72D-47B6-A68D-7590B98EB39B}
	EndGlobalSection
	GlobalSection(ExtensibilityGlobals) = postSolution
		SolutionGuid = {0A9CEEF1-7798-4C28-9D0A-4B3A35F4E792}
	EndGlobalSection
EndGlobal
